{
  "object": {
    "pins": [
      {
        "package": "SwiftFormat",
        "repositoryURL": "https://github.com/nicklockwood/SwiftFormat",
        "state": {
          "branch": null,
          "revision": "ed7b9449f7b0da4f8945d55dd71c1dc19e51e659",
          "version": "0.44.16"
        }
      }
    ]
  },
  "version": 1
}
