{
  "object": {
    "pins": [
      {
        "package": "SwiftFormat",
        "repositoryURL": "https://github.com/nicklockwood/SwiftFormat",
        "state": {
          "branch": null,
          "revision": "0f12bf541076a4d923f9b32387fe662f04c33ccc",
          "version": "0.44.14"
        }
      }
    ]
  },
  "version": 1
}
