{
  "object": {
    "pins": [
      {
        "package": "SwiftFormat",
        "repositoryURL": "https://github.com/nicklockwood/SwiftFormat",
        "state": {
          "branch": null,
          "revision": "51a784467a51699d688b0662ae5ed76af2795e5f",
          "version": "0.44.12"
        }
      }
    ]
  },
  "version": 1
}
